
Microsoft Visual Studio Solution File, Format Version 12.00
# Visual Studio Version 16
VisualStudioVersion = 16.0.31729.503
MinimumVisualStudioVersion = 10.0.40219.1
Project("{FAE04EC0-301F-11D3-BF4B-00C04F79EFBC}") = "eTickets", "eTickets\eTickets.csproj", "{8A66F98C-54B6-4302-AD7D-1694FF369F2E}"
EndProject
Global
	GlobalSection(SolutionConfigurationPlatforms) = preSolution
		Debug|Any CPU = Debug|Any CPU
		Release|Any CPU = Release|Any CPU
	EndGlobalSection
	GlobalSection(ProjectConfigurationPlatforms) = postSolution
		{8A66F98C-54B6-4302-AD7D-1694FF369F2E}.Debug|Any CPU.ActiveCfg = Debug|Any CPU
		{8A66F98C-54B6-4302-AD7D-1694FF369F2E}.Debug|Any CPU.Build.0 = Debug|Any CPU
		{8A66F98C-54B6-4302-AD7D-1694FF369F2E}.Release|Any CPU.ActiveCfg = Release|Any CPU
		{8A66F98C-54B6-4302-AD7D-1694FF369F2E}.Release|Any CPU.Build.0 = Release|Any CPU
	EndGlobalSection
	GlobalSection(SolutionProperties) = preSolution
		HideSolutionNode = FALSE
	EndGlobalSection
	GlobalSection(ExtensibilityGlobals) = postSolution
		SolutionGuid = {50EE3646-AF5A-4B97-9D56-AD4D100E670C}
	EndGlobalSection
EndGlobal
